
Microsoft Visual Studio Solution File, Format Version 12.00
# Visual Studio Version 17
VisualStudioVersion = 17.0.31903.59
MinimumVisualStudioVersion = 10.0.40219.1
Project("{9A19103F-16F7-4668-BE54-9A1E7A4F7556}") = "lab1", "lab1\lab1.csproj", "{BBA7963E-568A-4B2E-B5B1-9C439603110A}"
EndProject
Project("{FAE04EC0-301F-11D3-BF4B-00C04F79EFBC}") = "lab1Tests", "lab1Tests\lab1Tests.csproj", "{7F0581B6-BA6B-4978-A73B-DE6188E5B039}"
EndProject
Global
	GlobalSection(SolutionConfigurationPlatforms) = preSolution
		Debug|Any CPU = Debug|Any CPU
		Release|Any CPU = Release|Any CPU
	EndGlobalSection
	GlobalSection(ProjectConfigurationPlatforms) = postSolution
		{BBA7963E-568A-4B2E-B5B1-9C439603110A}.Debug|Any CPU.ActiveCfg = Debug|Any CPU
		{BBA7963E-568A-4B2E-B5B1-9C439603110A}.Debug|Any CPU.Build.0 = Debug|Any CPU
		{BBA7963E-568A-4B2E-B5B1-9C439603110A}.Release|Any CPU.ActiveCfg = Release|Any CPU
		{BBA7963E-568A-4B2E-B5B1-9C439603110A}.Release|Any CPU.Build.0 = Release|Any CPU
		{7F0581B6-BA6B-4978-A73B-DE6188E5B039}.Debug|Any CPU.ActiveCfg = Debug|Any CPU
		{7F0581B6-BA6B-4978-A73B-DE6188E5B039}.Debug|Any CPU.Build.0 = Debug|Any CPU
		{7F0581B6-BA6B-4978-A73B-DE6188E5B039}.Release|Any CPU.ActiveCfg = Release|Any CPU
		{7F0581B6-BA6B-4978-A73B-DE6188E5B039}.Release|Any CPU.Build.0 = Release|Any CPU
	EndGlobalSection
	GlobalSection(SolutionProperties) = preSolution
		HideSolutionNode = FALSE
	EndGlobalSection
EndGlobal
